// !$*UTF8*$!
{
	archiveVersion = 1;
	classes = {
	};
	objectVersion = 77;
	objects = {

/* Begin PBXBuildFile section */
		1424336D2C9C24FA0036B8FB /* PermissionsKit in Frameworks */ = {isa = PBXBuildFile; productRef = 1424336C2C9C24FA0036B8FB /* PermissionsKit */; };
		1424337A2C9D73630036B8FB /* PermissionsKit in Frameworks */ = {isa = PBXBuildFile; productRef = 142433792C9D73630036B8FB /* PermissionsKit */; };
		1424337D2C9D7AEF0036B8FB /* PermissionsKit in Frameworks */ = {isa = PBXBuildFile; productRef = 1424337C2C9D7AEF0036B8FB /* PermissionsKit */; };
		142433802C9D82370036B8FB /* PermissionsKit in Frameworks */ = {isa = PBXBuildFile; productRef = 1424337F2C9D82370036B8FB /* PermissionsKit */; };
		142433832C9DBF380036B8FB /* PermissionsKit in Frameworks */ = {isa = PBXBuildFile; productRef = 142433822C9DBF380036B8FB /* PermissionsKit */; };
		148529DC2CA09FD800ADB395 /* PermissionsKit in Frameworks */ = {isa = PBXBuildFile; productRef = 148529DB2CA09FD800ADB395 /* PermissionsKit */; };
		14F8635A2C931A5500FAA7A1 /* PermissionsKit in Frameworks */ = {isa = PBXBuildFile; productRef = 14F863592C931A5500FAA7A1 /* PermissionsKit */; };
		14FB3CE52C9DDFDD00AA0C5D /* PermissionsKit in Frameworks */ = {isa = PBXBuildFile; productRef = 14FB3CE42C9DDFDD00AA0C5D /* PermissionsKit */; };
		14FB3CE82C9DE05E00AA0C5D /* PermissionsKit in Frameworks */ = {isa = PBXBuildFile; productRef = 14FB3CE72C9DE05E00AA0C5D /* PermissionsKit */; };
/* End PBXBuildFile section */

/* Begin PBXFileReference section */
		14F863432C92114F00FAA7A1 /* PermissionKit-Sample.app */ = {isa = PBXFileReference; explicitFileType = wrapper.application; includeInIndex = 0; path = "PermissionKit-Sample.app"; sourceTree = BUILT_PRODUCTS_DIR; };
/* End PBXFileReference section */

/* Begin PBXFileSystemSynchronizedRootGroup section */
		14F863452C92114F00FAA7A1 /* PermissionKit-Sample */ = {
			isa = PBXFileSystemSynchronizedRootGroup;
			path = "PermissionKit-Sample";
			sourceTree = "<group>";
		};
/* End PBXFileSystemSynchronizedRootGroup section */

/* Begin PBXFrameworksBuildPhase section */
		14F863402C92114F00FAA7A1 /* Frameworks */ = {
			isa = PBXFrameworksBuildPhase;
			buildActionMask = 2147483647;
			files = (
				1424336D2C9C24FA0036B8FB /* PermissionsKit in Frameworks */,
				142433802C9D82370036B8FB /* PermissionsKit in Frameworks */,
				14FB3CE82C9DE05E00AA0C5D /* PermissionsKit in Frameworks */,
				1424337A2C9D73630036B8FB /* PermissionsKit in Frameworks */,
				1424337D2C9D7AEF0036B8FB /* PermissionsKit in Frameworks */,
				142433832C9DBF380036B8FB /* PermissionsKit in Frameworks */,
				14F8635A2C931A5500FAA7A1 /* PermissionsKit in Frameworks */,
				148529DC2CA09FD800ADB395 /* PermissionsKit in Frameworks */,
				14FB3CE52C9DDFDD00AA0C5D /* PermissionsKit in Frameworks */,
			);
			runOnlyForDeploymentPostprocessing = 0;
		};
/* End PBXFrameworksBuildPhase section */

/* Begin PBXGroup section */
		14F8633A2C92114F00FAA7A1 = {
			isa = PBXGroup;
			children = (
				14F863452C92114F00FAA7A1 /* PermissionKit-Sample */,
				14F863442C92114F00FAA7A1 /* Products */,
			);
			sourceTree = "<group>";
		};
		14F863442C92114F00FAA7A1 /* Products */ = {
			isa = PBXGroup;
			children = (
				14F863432C92114F00FAA7A1 /* PermissionKit-Sample.app */,
			);
			name = Products;
			sourceTree = "<group>";
		};
/* End PBXGroup section */

/* Begin PBXNativeTarget section */
		14F863422C92114F00FAA7A1 /* PermissionKit-Sample */ = {
			isa = PBXNativeTarget;
			buildConfigurationList = 14F863522C92115000FAA7A1 /* Build configuration list for PBXNativeTarget "PermissionKit-Sample" */;
			buildPhases = (
				14F8633F2C92114F00FAA7A1 /* Sources */,
				14F863402C92114F00FAA7A1 /* Frameworks */,
				14F863412C92114F00FAA7A1 /* Resources */,
			);
			buildRules = (
			);
			dependencies = (
			);
			fileSystemSynchronizedGroups = (
				14F863452C92114F00FAA7A1 /* PermissionKit-Sample */,
			);
			name = "PermissionKit-Sample";
			packageProductDependencies = (
				14F863592C931A5500FAA7A1 /* PermissionsKit */,
				1424336C2C9C24FA0036B8FB /* PermissionsKit */,
				142433792C9D73630036B8FB /* PermissionsKit */,
				1424337C2C9D7AEF0036B8FB /* PermissionsKit */,
				1424337F2C9D82370036B8FB /* PermissionsKit */,
				142433822C9DBF380036B8FB /* PermissionsKit */,
				14FB3CE42C9DDFDD00AA0C5D /* PermissionsKit */,
				14FB3CE72C9DE05E00AA0C5D /* PermissionsKit */,
				148529DB2CA09FD800ADB395 /* PermissionsKit */,
			);
			productName = Sample;
			productReference = 14F863432C92114F00FAA7A1 /* PermissionKit-Sample.app */;
			productType = "com.apple.product-type.application";
		};
/* End PBXNativeTarget section */

/* Begin PBXProject section */
		14F8633B2C92114F00FAA7A1 /* Project object */ = {
			isa = PBXProject;
			attributes = {
				BuildIndependentTargetsInParallel = 1;
				LastSwiftUpdateCheck = 1610;
				LastUpgradeCheck = 1610;
				TargetAttributes = {
					14F863422C92114F00FAA7A1 = {
						CreatedOnToolsVersion = 16.1;
					};
				};
			};
			buildConfigurationList = 14F8633E2C92114F00FAA7A1 /* Build configuration list for PBXProject "PermissionKit-Sample" */;
			developmentRegion = en;
			hasScannedForEncodings = 0;
			knownRegions = (
				en,
				Base,
			);
			mainGroup = 14F8633A2C92114F00FAA7A1;
			minimizedProjectReferenceProxies = 1;
			packageReferences = (
				148529DA2CA09FD800ADB395 /* XCLocalSwiftPackageReference "../Package" */,
			);
			preferredProjectObjectVersion = 77;
			productRefGroup = 14F863442C92114F00FAA7A1 /* Products */;
			projectDirPath = "";
			projectRoot = "";
			targets = (
				14F863422C92114F00FAA7A1 /* PermissionKit-Sample */,
			);
		};
/* End PBXProject section */

/* Begin PBXResourcesBuildPhase section */
		14F863412C92114F00FAA7A1 /* Resources */ = {
			isa = PBXResourcesBuildPhase;
			buildActionMask = 2147483647;
			files = (
			);
			runOnlyForDeploymentPostprocessing = 0;
		};
/* End PBXResourcesBuildPhase section */

/* Begin PBXSourcesBuildPhase section */
		14F8633F2C92114F00FAA7A1 /* Sources */ = {
			isa = PBXSourcesBuildPhase;
			buildActionMask = 2147483647;
			files = (
			);
			runOnlyForDeploymentPostprocessing = 0;
		};
/* End PBXSourcesBuildPhase section */

/* Begin XCBuildConfiguration section */
		14F863502C92115000FAA7A1 /* Debug */ = {
			isa = XCBuildConfiguration;
			buildSettings = {
				ALWAYS_SEARCH_USER_PATHS = NO;
				ASSETCATALOG_COMPILER_GENERATE_SWIFT_ASSET_SYMBOL_EXTENSIONS = YES;
				CLANG_ANALYZER_NONNULL = YES;
				CLANG_ANALYZER_NUMBER_OBJECT_CONVERSION = YES_AGGRESSIVE;
				CLANG_CXX_LANGUAGE_STANDARD = "gnu++20";
				CLANG_ENABLE_MODULES = YES;
				CLANG_ENABLE_OBJC_ARC = YES;
				CLANG_ENABLE_OBJC_WEAK = YES;
				CLANG_WARN_BLOCK_CAPTURE_AUTORELEASING = YES;
				CLANG_WARN_BOOL_CONVERSION = YES;
				CLANG_WARN_COMMA = YES;
				CLANG_WARN_CONSTANT_CONVERSION = YES;
				CLANG_WARN_DEPRECATED_OBJC_IMPLEMENTATIONS = YES;
				CLANG_WARN_DIRECT_OBJC_ISA_USAGE = YES_ERROR;
				CLANG_WARN_DOCUMENTATION_COMMENTS = YES;
				CLANG_WARN_EMPTY_BODY = YES;
				CLANG_WARN_ENUM_CONVERSION = YES;
				CLANG_WARN_INFINITE_RECURSION = YES;
				CLANG_WARN_INT_CONVERSION = YES;
				CLANG_WARN_NON_LITERAL_NULL_CONVERSION = YES;
				CLANG_WARN_OBJC_IMPLICIT_RETAIN_SELF = YES;
				CLANG_WARN_OBJC_LITERAL_CONVERSION = YES;
				CLANG_WARN_OBJC_ROOT_CLASS = YES_ERROR;
				CLANG_WARN_QUOTED_INCLUDE_IN_FRAMEWORK_HEADER = YES;
				CLANG_WARN_RANGE_LOOP_ANALYSIS = YES;
				CLANG_WARN_STRICT_PROTOTYPES = YES;
				CLANG_WARN_SUSPICIOUS_MOVE = YES;
				CLANG_WARN_UNGUARDED_AVAILABILITY = YES_AGGRESSIVE;
				CLANG_WARN_UNREACHABLE_CODE = YES;
				CLANG_WARN__DUPLICATE_METHOD_MATCH = YES;
				COPY_PHASE_STRIP = NO;
				DEBUG_INFORMATION_FORMAT = dwarf;
				ENABLE_STRICT_OBJC_MSGSEND = YES;
				ENABLE_TESTABILITY = YES;
				ENABLE_USER_SCRIPT_SANDBOXING = YES;
				GCC_C_LANGUAGE_STANDARD = gnu17;
				GCC_DYNAMIC_NO_PIC = NO;
				GCC_NO_COMMON_BLOCKS = YES;
				GCC_OPTIMIZATION_LEVEL = 0;
				GCC_PREPROCESSOR_DEFINITIONS = (
					"DEBUG=1",
					"$(inherited)",
				);
				GCC_WARN_64_TO_32_BIT_CONVERSION = YES;
				GCC_WARN_ABOUT_RETURN_TYPE = YES_ERROR;
				GCC_WARN_UNDECLARED_SELECTOR = YES;
				GCC_WARN_UNINITIALIZED_AUTOS = YES_AGGRESSIVE;
				GCC_WARN_UNUSED_FUNCTION = YES;
				GCC_WARN_UNUSED_VARIABLE = YES;
				LOCALIZATION_PREFERS_STRING_CATALOGS = YES;
				MTL_ENABLE_DEBUG_INFO = INCLUDE_SOURCE;
				MTL_FAST_MATH = YES;
				ONLY_ACTIVE_ARCH = YES;
				SWIFT_ACTIVE_COMPILATION_CONDITIONS = "DEBUG $(inherited)";
				SWIFT_OPTIMIZATION_LEVEL = "-Onone";
			};
			name = Debug;
		};
		14F863512C92115000FAA7A1 /* Release */ = {
			isa = XCBuildConfiguration;
			buildSettings = {
				ALWAYS_SEARCH_USER_PATHS = NO;
				ASSETCATALOG_COMPILER_GENERATE_SWIFT_ASSET_SYMBOL_EXTENSIONS = YES;
				CLANG_ANALYZER_NONNULL = YES;
				CLANG_ANALYZER_NUMBER_OBJECT_CONVERSION = YES_AGGRESSIVE;
				CLANG_CXX_LANGUAGE_STANDARD = "gnu++20";
				CLANG_ENABLE_MODULES = YES;
				CLANG_ENABLE_OBJC_ARC = YES;
				CLANG_ENABLE_OBJC_WEAK = YES;
				CLANG_WARN_BLOCK_CAPTURE_AUTORELEASING = YES;
				CLANG_WARN_BOOL_CONVERSION = YES;
				CLANG_WARN_COMMA = YES;
				CLANG_WARN_CONSTANT_CONVERSION = YES;
				CLANG_WARN_DEPRECATED_OBJC_IMPLEMENTATIONS = YES;
				CLANG_WARN_DIRECT_OBJC_ISA_USAGE = YES_ERROR;
				CLANG_WARN_DOCUMENTATION_COMMENTS = YES;
				CLANG_WARN_EMPTY_BODY = YES;
				CLANG_WARN_ENUM_CONVERSION = YES;
				CLANG_WARN_INFINITE_RECURSION = YES;
				CLANG_WARN_INT_CONVERSION = YES;
				CLANG_WARN_NON_LITERAL_NULL_CONVERSION = YES;
				CLANG_WARN_OBJC_IMPLICIT_RETAIN_SELF = YES;
				CLANG_WARN_OBJC_LITERAL_CONVERSION = YES;
				CLANG_WARN_OBJC_ROOT_CLASS = YES_ERROR;
				CLANG_WARN_QUOTED_INCLUDE_IN_FRAMEWORK_HEADER = YES;
				CLANG_WARN_RANGE_LOOP_ANALYSIS = YES;
				CLANG_WARN_STRICT_PROTOTYPES = YES;
				CLANG_WARN_SUSPICIOUS_MOVE = YES;
				CLANG_WARN_UNGUARDED_AVAILABILITY = YES_AGGRESSIVE;
				CLANG_WARN_UNREACHABLE_CODE = YES;
				CLANG_WARN__DUPLICATE_METHOD_MATCH = YES;
				COPY_PHASE_STRIP = NO;
				DEBUG_INFORMATION_FORMAT = "dwarf-with-dsym";
				ENABLE_NS_ASSERTIONS = NO;
				ENABLE_STRICT_OBJC_MSGSEND = YES;
				ENABLE_USER_SCRIPT_SANDBOXING = YES;
				GCC_C_LANGUAGE_STANDARD = gnu17;
				GCC_NO_COMMON_BLOCKS = YES;
				GCC_WARN_64_TO_32_BIT_CONVERSION = YES;
				GCC_WARN_ABOUT_RETURN_TYPE = YES_ERROR;
				GCC_WARN_UNDECLARED_SELECTOR = YES;
				GCC_WARN_UNINITIALIZED_AUTOS = YES_AGGRESSIVE;
				GCC_WARN_UNUSED_FUNCTION = YES;
				GCC_WARN_UNUSED_VARIABLE = YES;
				LOCALIZATION_PREFERS_STRING_CATALOGS = YES;
				MTL_ENABLE_DEBUG_INFO = NO;
				MTL_FAST_MATH = YES;
				SWIFT_COMPILATION_MODE = wholemodule;
			};
			name = Release;
		};
		14F863532C92115000FAA7A1 /* Debug */ = {
			isa = XCBuildConfiguration;
			buildSettings = {
				ASSETCATALOG_COMPILER_APPICON_NAME = AppIcon;
				ASSETCATALOG_COMPILER_GLOBAL_ACCENT_COLOR_NAME = AccentColor;
				CODE_SIGN_ENTITLEMENTS = "PermissionKit-Sample/Sample.entitlements";
				CODE_SIGN_STYLE = Automatic;
				CURRENT_PROJECT_VERSION = 1;
				DEVELOPMENT_ASSET_PATHS = "\"PermissionKit-Sample/Preview Content\"";
				DEVELOPMENT_TEAM = R565CXZKKP;
				ENABLE_HARDENED_RUNTIME = YES;
				ENABLE_PREVIEWS = YES;
				GENERATE_INFOPLIST_FILE = YES;
				INFOPLIST_KEY_LSApplicationCategoryType = "";
				INFOPLIST_KEY_NSCameraUsageDescription = "We need your permission to use your camera to do something cool.";
				INFOPLIST_KEY_NSContactsUsageDescription = "Allow access to your contacts to do something cool.";
				INFOPLIST_KEY_NSLocationAlwaysAndWhenInUseUsageDescription = "We need this permission to make a better application.";
				INFOPLIST_KEY_NSLocationAlwaysUsageDescription = "We need this permission to make a better application.";
				INFOPLIST_KEY_NSLocationUsageDescription = "We need this permission to make a better application.";
				INFOPLIST_KEY_NSLocationWhenInUseUsageDescription = "We need this permission to make a better application.";
				INFOPLIST_KEY_NSMicrophoneUsageDescription = "We need your permission to do something cool.";
				INFOPLIST_KEY_NSPhotoLibraryUsageDescription = "Allow access to your photo library to do something cool.";
				INFOPLIST_KEY_NSUserTrackingUsageDescription = "We need this permission to make a better application.";
				"INFOPLIST_KEY_UIApplicationSceneManifest_Generation[sdk=iphoneos*]" = YES;
				"INFOPLIST_KEY_UIApplicationSceneManifest_Generation[sdk=iphonesimulator*]" = YES;
				"INFOPLIST_KEY_UIApplicationSupportsIndirectInputEvents[sdk=iphoneos*]" = YES;
				"INFOPLIST_KEY_UIApplicationSupportsIndirectInputEvents[sdk=iphonesimulator*]" = YES;
				"INFOPLIST_KEY_UILaunchScreen_Generation[sdk=iphoneos*]" = YES;
				"INFOPLIST_KEY_UILaunchScreen_Generation[sdk=iphonesimulator*]" = YES;
				"INFOPLIST_KEY_UIStatusBarStyle[sdk=iphoneos*]" = UIStatusBarStyleDefault;
				"INFOPLIST_KEY_UIStatusBarStyle[sdk=iphonesimulator*]" = UIStatusBarStyleDefault;
				INFOPLIST_KEY_UISupportedInterfaceOrientations_iPad = "UIInterfaceOrientationPortrait UIInterfaceOrientationPortraitUpsideDown UIInterfaceOrientationLandscapeLeft UIInterfaceOrientationLandscapeRight";
				INFOPLIST_KEY_UISupportedInterfaceOrientations_iPhone = "UIInterfaceOrientationPortrait UIInterfaceOrientationLandscapeLeft UIInterfaceOrientationLandscapeRight";
				IPHONEOS_DEPLOYMENT_TARGET = 18.1;
				LD_RUNPATH_SEARCH_PATHS = "@executable_path/Frameworks";
				"LD_RUNPATH_SEARCH_PATHS[sdk=macosx*]" = "@executable_path/../Frameworks";
				MACOSX_DEPLOYMENT_TARGET = 14.6;
				MARKETING_VERSION = 1.0;
				PRODUCT_BUNDLE_IDENTIFIER = "com.voodoo.PermissionKit-Sample";
				PRODUCT_NAME = "$(TARGET_NAME)";
				SDKROOT = auto;
				SUPPORTED_PLATFORMS = "iphoneos iphonesimulator";
				SUPPORTS_MACCATALYST = NO;
				SWIFT_EMIT_LOC_STRINGS = YES;
				SWIFT_VERSION = 5.0;
				TARGETED_DEVICE_FAMILY = "1,2";
				XROS_DEPLOYMENT_TARGET = 2.0;
			};
			name = Debug;
		};
		14F863542C92115000FAA7A1 /* Release */ = {
			isa = XCBuildConfiguration;
			buildSettings = {
				ASSETCATALOG_COMPILER_APPICON_NAME = AppIcon;
				ASSETCATALOG_COMPILER_GLOBAL_ACCENT_COLOR_NAME = AccentColor;
				CODE_SIGN_ENTITLEMENTS = "PermissionKit-Sample/Sample.entitlements";
				CODE_SIGN_STYLE = Automatic;
				CURRENT_PROJECT_VERSION = 1;
				DEVELOPMENT_ASSET_PATHS = "\"PermissionKit-Sample/Preview Content\"";
				DEVELOPMENT_TEAM = R565CXZKKP;
				ENABLE_HARDENED_RUNTIME = YES;
				ENABLE_PREVIEWS = YES;
				GENERATE_INFOPLIST_FILE = YES;
				INFOPLIST_KEY_LSApplicationCategoryType = "";
				INFOPLIST_KEY_NSCameraUsageDescription = "We need your permission to use your camera to do something cool.";
				INFOPLIST_KEY_NSContactsUsageDescription = "Allow access to your contacts to do something cool.";
				INFOPLIST_KEY_NSLocationAlwaysAndWhenInUseUsageDescription = "We need this permission to make a better application.";
				INFOPLIST_KEY_NSLocationAlwaysUsageDescription = "We need this permission to make a better application.";
				INFOPLIST_KEY_NSLocationUsageDescription = "We need this permission to make a better application.";
				INFOPLIST_KEY_NSLocationWhenInUseUsageDescription = "We need this permission to make a better application.";
				INFOPLIST_KEY_NSMicrophoneUsageDescription = "We need your permission to do something cool.";
				INFOPLIST_KEY_NSPhotoLibraryUsageDescription = "Allow access to your photo library to do something cool.";
				INFOPLIST_KEY_NSUserTrackingUsageDescription = "We need this permission to make a better application.";
				"INFOPLIST_KEY_UIApplicationSceneManifest_Generation[sdk=iphoneos*]" = YES;
				"INFOPLIST_KEY_UIApplicationSceneManifest_Generation[sdk=iphonesimulator*]" = YES;
				"INFOPLIST_KEY_UIApplicationSupportsIndirectInputEvents[sdk=iphoneos*]" = YES;
				"INFOPLIST_KEY_UIApplicationSupportsIndirectInputEvents[sdk=iphonesimulator*]" = YES;
				"INFOPLIST_KEY_UILaunchScreen_Generation[sdk=iphoneos*]" = YES;
				"INFOPLIST_KEY_UILaunchScreen_Generation[sdk=iphonesimulator*]" = YES;
				"INFOPLIST_KEY_UIStatusBarStyle[sdk=iphoneos*]" = UIStatusBarStyleDefault;
				"INFOPLIST_KEY_UIStatusBarStyle[sdk=iphonesimulator*]" = UIStatusBarStyleDefault;
				INFOPLIST_KEY_UISupportedInterfaceOrientations_iPad = "UIInterfaceOrientationPortrait UIInterfaceOrientationPortraitUpsideDown UIInterfaceOrientationLandscapeLeft UIInterfaceOrientationLandscapeRight";
				INFOPLIST_KEY_UISupportedInterfaceOrientations_iPhone = "UIInterfaceOrientationPortrait UIInterfaceOrientationLandscapeLeft UIInterfaceOrientationLandscapeRight";
				IPHONEOS_DEPLOYMENT_TARGET = 18.1;
				LD_RUNPATH_SEARCH_PATHS = "@executable_path/Frameworks";
				"LD_RUNPATH_SEARCH_PATHS[sdk=macosx*]" = "@executable_path/../Frameworks";
				MACOSX_DEPLOYMENT_TARGET = 14.6;
				MARKETING_VERSION = 1.0;
				PRODUCT_BUNDLE_IDENTIFIER = "com.voodoo.PermissionKit-Sample";
				PRODUCT_NAME = "$(TARGET_NAME)";
				SDKROOT = auto;
				SUPPORTED_PLATFORMS = "iphoneos iphonesimulator";
				SUPPORTS_MACCATALYST = NO;
				SWIFT_EMIT_LOC_STRINGS = YES;
				SWIFT_VERSION = 5.0;
				TARGETED_DEVICE_FAMILY = "1,2";
				XROS_DEPLOYMENT_TARGET = 2.0;
			};
			name = Release;
		};
/* End XCBuildConfiguration section */

/* Begin XCConfigurationList section */
		14F8633E2C92114F00FAA7A1 /* Build configuration list for PBXProject "PermissionKit-Sample" */ = {
			isa = XCConfigurationList;
			buildConfigurations = (
				14F863502C92115000FAA7A1 /* Debug */,
				14F863512C92115000FAA7A1 /* Release */,
			);
			defaultConfigurationIsVisible = 0;
			defaultConfigurationName = Release;
		};
		14F863522C92115000FAA7A1 /* Build configuration list for PBXNativeTarget "PermissionKit-Sample" */ = {
			isa = XCConfigurationList;
			buildConfigurations = (
				14F863532C92115000FAA7A1 /* Debug */,
				14F863542C92115000FAA7A1 /* Release */,
			);
			defaultConfigurationIsVisible = 0;
			defaultConfigurationName = Release;
		};
/* End XCConfigurationList section */

/* Begin XCLocalSwiftPackageReference section */
		148529DA2CA09FD800ADB395 /* XCLocalSwiftPackageReference "../Package" */ = {
			isa = XCLocalSwiftPackageReference;
			relativePath = ../Package;
		};
/* End XCLocalSwiftPackageReference section */

/* Begin XCSwiftPackageProductDependency section */
		1424336C2C9C24FA0036B8FB /* PermissionsKit */ = {
			isa = XCSwiftPackageProductDependency;
			productName = PermissionsKit;
		};
		142433792C9D73630036B8FB /* PermissionsKit */ = {
			isa = XCSwiftPackageProductDependency;
			productName = PermissionsKit;
		};
		1424337C2C9D7AEF0036B8FB /* PermissionsKit */ = {
			isa = XCSwiftPackageProductDependency;
			productName = PermissionsKit;
		};
		1424337F2C9D82370036B8FB /* PermissionsKit */ = {
			isa = XCSwiftPackageProductDependency;
			productName = PermissionsKit;
		};
		142433822C9DBF380036B8FB /* PermissionsKit */ = {
			isa = XCSwiftPackageProductDependency;
			productName = PermissionsKit;
		};
		148529DB2CA09FD800ADB395 /* PermissionsKit */ = {
			isa = XCSwiftPackageProductDependency;
			productName = PermissionsKit;
		};
		14F863592C931A5500FAA7A1 /* PermissionsKit */ = {
			isa = XCSwiftPackageProductDependency;
			productName = PermissionsKit;
		};
		14FB3CE42C9DDFDD00AA0C5D /* PermissionsKit */ = {
			isa = XCSwiftPackageProductDependency;
			productName = PermissionsKit;
		};
		14FB3CE72C9DE05E00AA0C5D /* PermissionsKit */ = {
			isa = XCSwiftPackageProductDependency;
			productName = PermissionsKit;
		};
/* End XCSwiftPackageProductDependency section */
	};
	rootObject = 14F8633B2C92114F00FAA7A1 /* Project object */;
}
